// !$*UTF8*$!
{
	archiveVersion = 1;
	classes = {
	};
	objectVersion = 50;
	objects = {

/* Begin PBXBuildFile section */
		109A0CD6257AD3170016FCA5 /* AppDelegate.swift in Sources */ = {isa = PBXBuildFile; fileRef = 109A0CD5257AD3170016FCA5 /* AppDelegate.swift */; };
		109A0CD8257AD3170016FCA5 /* SceneDelegate.swift in Sources */ = {isa = PBXBuildFile; fileRef = 109A0CD7257AD3170016FCA5 /* SceneDelegate.swift */; };
		109A0CDA257AD3170016FCA5 /* ViewController.swift in Sources */ = {isa = PBXBuildFile; fileRef = 109A0CD9257AD3170016FCA5 /* ViewController.swift */; };
		109A0CDD257AD3170016FCA5 /* Main.storyboard in Resources */ = {isa = PBXBuildFile; fileRef = 109A0CDB257AD3170016FCA5 /* Main.storyboard */; };
		109A0CDF257AD3180016FCA5 /* Assets.xcassets in Resources */ = {isa = PBXBuildFile; fileRef = 109A0CDE257AD3180016FCA5 /* Assets.xcassets */; };
		109A0CE2257AD3180016FCA5 /* LaunchScreen.storyboard in Resources */ = {isa = PBXBuildFile; fileRef = 109A0CE0257AD3180016FCA5 /* LaunchScreen.storyboard */; };
		109A0CED257AD3180016FCA5 /* GitSubTreeChildTests.swift in Sources */ = {isa = PBXBuildFile; fileRef = 109A0CEC257AD3180016FCA5 /* GitSubTreeChildTests.swift */; };
		109A0CF8257AD3180016FCA5 /* GitSubTreeChildUITests.swift in Sources */ = {isa = PBXBuildFile; fileRef = 109A0CF7257AD3180016FCA5 /* GitSubTreeChildUITests.swift */; };
/* End PBXBuildFile section */

/* Begin PBXContainerItemProxy section */
		109A0CE9257AD3180016FCA5 /* PBXContainerItemProxy */ = {
			isa = PBXContainerItemProxy;
			containerPortal = 109A0CCA257AD3170016FCA5 /* Project object */;
			proxyType = 1;
			remoteGlobalIDString = 109A0CD1257AD3170016FCA5;
			remoteInfo = GitSubTreeChild;
		};
		109A0CF4257AD3180016FCA5 /* PBXContainerItemProxy */ = {
			isa = PBXContainerItemProxy;
			containerPortal = 109A0CCA257AD3170016FCA5 /* Project object */;
			proxyType = 1;
			remoteGlobalIDString = 109A0CD1257AD3170016FCA5;
			remoteInfo = GitSubTreeChild;
		};
/* End PBXContainerItemProxy section */

/* Begin PBXFileReference section */
		109A0CD2257AD3170016FCA5 /* GitSubTreeChild.app */ = {isa = PBXFileReference; explicitFileType = wrapper.application; includeInIndex = 0; path = GitSubTreeChild.app; sourceTree = BUILT_PRODUCTS_DIR; };
		109A0CD5257AD3170016FCA5 /* AppDelegate.swift */ = {isa = PBXFileReference; lastKnownFileType = sourcecode.swift; path = AppDelegate.swift; sourceTree = "<group>"; };
		109A0CD7257AD3170016FCA5 /* SceneDelegate.swift */ = {isa = PBXFileReference; lastKnownFileType = sourcecode.swift; path = SceneDelegate.swift; sourceTree = "<group>"; };
		109A0CD9257AD3170016FCA5 /* ViewController.swift */ = {isa = PBXFileReference; lastKnownFileType = sourcecode.swift; path = ViewController.swift; sourceTree = "<group>"; };
		109A0CDC257AD3170016FCA5 /* Base */ = {isa = PBXFileReference; lastKnownFileType = file.storyboard; name = Base; path = Base.lproj/Main.storyboard; sourceTree = "<group>"; };
		109A0CDE257AD3180016FCA5 /* Assets.xcassets */ = {isa = PBXFileReference; lastKnownFileType = folder.assetcatalog; path = Assets.xcassets; sourceTree = "<group>"; };
		109A0CE1257AD3180016FCA5 /* Base */ = {isa = PBXFileReference; lastKnownFileType = file.storyboard; name = Base; path = Base.lproj/LaunchScreen.storyboard; sourceTree = "<group>"; };
		109A0CE3257AD3180016FCA5 /* Info.plist */ = {isa = PBXFileReference; lastKnownFileType = text.plist.xml; path = Info.plist; sourceTree = "<group>"; };
		109A0CE8257AD3180016FCA5 /* GitSubTreeChildTests.xctest */ = {isa = PBXFileReference; explicitFileType = wrapper.cfbundle; includeInIndex = 0; path = GitSubTreeChildTests.xctest; sourceTree = BUILT_PRODUCTS_DIR; };
		109A0CEC257AD3180016FCA5 /* GitSubTreeChildTests.swift */ = {isa = PBXFileReference; lastKnownFileType = sourcecode.swift; path = GitSubTreeChildTests.swift; sourceTree = "<group>"; };
		109A0CEE257AD3180016FCA5 /* Info.plist */ = {isa = PBXFileReference; lastKnownFileType = text.plist.xml; path = Info.plist; sourceTree = "<group>"; };
		109A0CF3257AD3180016FCA5 /* GitSubTreeChildUITests.xctest */ = {isa = PBXFileReference; explicitFileType = wrapper.cfbundle; includeInIndex = 0; path = GitSubTreeChildUITests.xctest; sourceTree = BUILT_PRODUCTS_DIR; };
		109A0CF7257AD3180016FCA5 /* GitSubTreeChildUITests.swift */ = {isa = PBXFileReference; lastKnownFileType = sourcecode.swift; path = GitSubTreeChildUITests.swift; sourceTree = "<group>"; };
		109A0CF9257AD3180016FCA5 /* Info.plist */ = {isa = PBXFileReference; lastKnownFileType = text.plist.xml; path = Info.plist; sourceTree = "<group>"; };
/* End PBXFileReference section */

/* Begin PBXFrameworksBuildPhase section */
		109A0CCF257AD3170016FCA5 /* Frameworks */ = {
			isa = PBXFrameworksBuildPhase;
			buildActionMask = 2147483647;
			files = (
			);
			runOnlyForDeploymentPostprocessing = 0;
		};
		109A0CE5257AD3180016FCA5 /* Frameworks */ = {
			isa = PBXFrameworksBuildPhase;
			buildActionMask = 2147483647;
			files = (
			);
			runOnlyForDeploymentPostprocessing = 0;
		};
		109A0CF0257AD3180016FCA5 /* Frameworks */ = {
			isa = PBXFrameworksBuildPhase;
			buildActionMask = 2147483647;
			files = (
			);
			runOnlyForDeploymentPostprocessing = 0;
		};
/* End PBXFrameworksBuildPhase section */

/* Begin PBXGroup section */
		109A0CC9257AD3170016FCA5 = {
			isa = PBXGroup;
			children = (
				109A0CD4257AD3170016FCA5 /* GitSubTreeChild */,
				109A0CEB257AD3180016FCA5 /* GitSubTreeChildTests */,
				109A0CF6257AD3180016FCA5 /* GitSubTreeChildUITests */,
				109A0CD3257AD3170016FCA5 /* Products */,
			);
			sourceTree = "<group>";
		};
		109A0CD3257AD3170016FCA5 /* Products */ = {
			isa = PBXGroup;
			children = (
				109A0CD2257AD3170016FCA5 /* GitSubTreeChild.app */,
				109A0CE8257AD3180016FCA5 /* GitSubTreeChildTests.xctest */,
				109A0CF3257AD3180016FCA5 /* GitSubTreeChildUITests.xctest */,
			);
			name = Products;
			sourceTree = "<group>";
		};
		109A0CD4257AD3170016FCA5 /* GitSubTreeChild */ = {
			isa = PBXGroup;
			children = (
				109A0CD5257AD3170016FCA5 /* AppDelegate.swift */,
				109A0CD7257AD3170016FCA5 /* SceneDelegate.swift */,
				109A0CD9257AD3170016FCA5 /* ViewController.swift */,
				109A0CDB257AD3170016FCA5 /* Main.storyboard */,
				109A0CDE257AD3180016FCA5 /* Assets.xcassets */,
				109A0CE0257AD3180016FCA5 /* LaunchScreen.storyboard */,
				109A0CE3257AD3180016FCA5 /* Info.plist */,
			);
			path = GitSubTreeChild;
			sourceTree = "<group>";
		};
		109A0CEB257AD3180016FCA5 /* GitSubTreeChildTests */ = {
			isa = PBXGroup;
			children = (
				109A0CEC257AD3180016FCA5 /* GitSubTreeChildTests.swift */,
				109A0CEE257AD3180016FCA5 /* Info.plist */,
			);
			path = GitSubTreeChildTests;
			sourceTree = "<group>";
		};
		109A0CF6257AD3180016FCA5 /* GitSubTreeChildUITests */ = {
			isa = PBXGroup;
			children = (
				109A0CF7257AD3180016FCA5 /* GitSubTreeChildUITests.swift */,
				109A0CF9257AD3180016FCA5 /* Info.plist */,
			);
			path = GitSubTreeChildUITests;
			sourceTree = "<group>";
		};
/* End PBXGroup section */

/* Begin PBXNativeTarget section */
		109A0CD1257AD3170016FCA5 /* GitSubTreeChild */ = {
			isa = PBXNativeTarget;
			buildConfigurationList = 109A0CFC257AD3180016FCA5 /* Build configuration list for PBXNativeTarget "GitSubTreeChild" */;
			buildPhases = (
				109A0CCE257AD3170016FCA5 /* Sources */,
				109A0CCF257AD3170016FCA5 /* Frameworks */,
				109A0CD0257AD3170016FCA5 /* Resources */,
			);
			buildRules = (
			);
			dependencies = (
			);
			name = GitSubTreeChild;
			productName = GitSubTreeChild;
			productReference = 109A0CD2257AD3170016FCA5 /* GitSubTreeChild.app */;
			productType = "com.apple.product-type.application";
		};
		109A0CE7257AD3180016FCA5 /* GitSubTreeChildTests */ = {
			isa = PBXNativeTarget;
			buildConfigurationList = 109A0CFF257AD3180016FCA5 /* Build configuration list for PBXNativeTarget "GitSubTreeChildTests" */;
			buildPhases = (
				109A0CE4257AD3180016FCA5 /* Sources */,
				109A0CE5257AD3180016FCA5 /* Frameworks */,
				109A0CE6257AD3180016FCA5 /* Resources */,
			);
			buildRules = (
			);
			dependencies = (
				109A0CEA257AD3180016FCA5 /* PBXTargetDependency */,
			);
			name = GitSubTreeChildTests;
			productName = GitSubTreeChildTests;
			productReference = 109A0CE8257AD3180016FCA5 /* GitSubTreeChildTests.xctest */;
			productType = "com.apple.product-type.bundle.unit-test";
		};
		109A0CF2257AD3180016FCA5 /* GitSubTreeChildUITests */ = {
			isa = PBXNativeTarget;
			buildConfigurationList = 109A0D02257AD3180016FCA5 /* Build configuration list for PBXNativeTarget "GitSubTreeChildUITests" */;
			buildPhases = (
				109A0CEF257AD3180016FCA5 /* Sources */,
				109A0CF0257AD3180016FCA5 /* Frameworks */,
				109A0CF1257AD3180016FCA5 /* Resources */,
			);
			buildRules = (
			);
			dependencies = (
				109A0CF5257AD3180016FCA5 /* PBXTargetDependency */,
			);
			name = GitSubTreeChildUITests;
			productName = GitSubTreeChildUITests;
			productReference = 109A0CF3257AD3180016FCA5 /* GitSubTreeChildUITests.xctest */;
			productType = "com.apple.product-type.bundle.ui-testing";
		};
/* End PBXNativeTarget section */

/* Begin PBXProject section */
		109A0CCA257AD3170016FCA5 /* Project object */ = {
			isa = PBXProject;
			attributes = {
				LastSwiftUpdateCheck = 1150;
				LastUpgradeCheck = 1150;
				ORGANIZATIONNAME = "Rohit Nisal";
				TargetAttributes = {
					109A0CD1257AD3170016FCA5 = {
						CreatedOnToolsVersion = 11.5;
					};
					109A0CE7257AD3180016FCA5 = {
						CreatedOnToolsVersion = 11.5;
						TestTargetID = 109A0CD1257AD3170016FCA5;
					};
					109A0CF2257AD3180016FCA5 = {
						CreatedOnToolsVersion = 11.5;
						TestTargetID = 109A0CD1257AD3170016FCA5;
					};
				};
			};
			buildConfigurationList = 109A0CCD257AD3170016FCA5 /* Build configuration list for PBXProject "GitSubTreeChild" */;
			compatibilityVersion = "Xcode 9.3";
			developmentRegion = en;
			hasScannedForEncodings = 0;
			knownRegions = (
				en,
				Base,
			);
			mainGroup = 109A0CC9257AD3170016FCA5;
			productRefGroup = 109A0CD3257AD3170016FCA5 /* Products */;
			projectDirPath = "";
			projectRoot = "";
			targets = (
				109A0CD1257AD3170016FCA5 /* GitSubTreeChild */,
				109A0CE7257AD3180016FCA5 /* GitSubTreeChildTests */,
				109A0CF2257AD3180016FCA5 /* GitSubTreeChildUITests */,
			);
		};
/* End PBXProject section */

/* Begin PBXResourcesBuildPhase section */
		109A0CD0257AD3170016FCA5 /* Resources */ = {
			isa = PBXResourcesBuildPhase;
			buildActionMask = 2147483647;
			files = (
				109A0CE2257AD3180016FCA5 /* LaunchScreen.storyboard in Resources */,
				109A0CDF257AD3180016FCA5 /* Assets.xcassets in Resources */,
				109A0CDD257AD3170016FCA5 /* Main.storyboard in Resources */,
			);
			runOnlyForDeploymentPostprocessing = 0;
		};
		109A0CE6257AD3180016FCA5 /* Resources */ = {
			isa = PBXResourcesBuildPhase;
			buildActionMask = 2147483647;
			files = (
			);
			runOnlyForDeploymentPostprocessing = 0;
		};
		109A0CF1257AD3180016FCA5 /* Resources */ = {
			isa = PBXResourcesBuildPhase;
			buildActionMask = 2147483647;
			files = (
			);
			runOnlyForDeploymentPostprocessing = 0;
		};
/* End PBXResourcesBuildPhase section */

/* Begin PBXSourcesBuildPhase section */
		109A0CCE257AD3170016FCA5 /* Sources */ = {
			isa = PBXSourcesBuildPhase;
			buildActionMask = 2147483647;
			files = (
				109A0CDA257AD3170016FCA5 /* ViewController.swift in Sources */,
				109A0CD6257AD3170016FCA5 /* AppDelegate.swift in Sources */,
				109A0CD8257AD3170016FCA5 /* SceneDelegate.swift in Sources */,
			);
			runOnlyForDeploymentPostprocessing = 0;
		};
		109A0CE4257AD3180016FCA5 /* Sources */ = {
			isa = PBXSourcesBuildPhase;
			buildActionMask = 2147483647;
			files = (
				109A0CED257AD3180016FCA5 /* GitSubTreeChildTests.swift in Sources */,
			);
			runOnlyForDeploymentPostprocessing = 0;
		};
		109A0CEF257AD3180016FCA5 /* Sources */ = {
			isa = PBXSourcesBuildPhase;
			buildActionMask = 2147483647;
			files = (
				109A0CF8257AD3180016FCA5 /* GitSubTreeChildUITests.swift in Sources */,
			);
			runOnlyForDeploymentPostprocessing = 0;
		};
/* End PBXSourcesBuildPhase section */

/* Begin PBXTargetDependency section */
		109A0CEA257AD3180016FCA5 /* PBXTargetDependency */ = {
			isa = PBXTargetDependency;
			target = 109A0CD1257AD3170016FCA5 /* GitSubTreeChild */;
			targetProxy = 109A0CE9257AD3180016FCA5 /* PBXContainerItemProxy */;
		};
		109A0CF5257AD3180016FCA5 /* PBXTargetDependency */ = {
			isa = PBXTargetDependency;
			target = 109A0CD1257AD3170016FCA5 /* GitSubTreeChild */;
			targetProxy = 109A0CF4257AD3180016FCA5 /* PBXContainerItemProxy */;
		};
/* End PBXTargetDependency section */

/* Begin PBXVariantGroup section */
		109A0CDB257AD3170016FCA5 /* Main.storyboard */ = {
			isa = PBXVariantGroup;
			children = (
				109A0CDC257AD3170016FCA5 /* Base */,
			);
			name = Main.storyboard;
			sourceTree = "<group>";
		};
		109A0CE0257AD3180016FCA5 /* LaunchScreen.storyboard */ = {
			isa = PBXVariantGroup;
			children = (
				109A0CE1257AD3180016FCA5 /* Base */,
			);
			name = LaunchScreen.storyboard;
			sourceTree = "<group>";
		};
/* End PBXVariantGroup section */

/* Begin XCBuildConfiguration section */
		109A0CFA257AD3180016FCA5 /* Debug */ = {
			isa = XCBuildConfiguration;
			buildSettings = {
				ALWAYS_SEARCH_USER_PATHS = NO;
				CLANG_ANALYZER_NONNULL = YES;
				CLANG_ANALYZER_NUMBER_OBJECT_CONVERSION = YES_AGGRESSIVE;
				CLANG_CXX_LANGUAGE_STANDARD = "gnu++14";
				CLANG_CXX_LIBRARY = "libc++";
				CLANG_ENABLE_MODULES = YES;
				CLANG_ENABLE_OBJC_ARC = YES;
				CLANG_ENABLE_OBJC_WEAK = YES;
				CLANG_WARN_BLOCK_CAPTURE_AUTORELEASING = YES;
				CLANG_WARN_BOOL_CONVERSION = YES;
				CLANG_WARN_COMMA = YES;
				CLANG_WARN_CONSTANT_CONVERSION = YES;
				CLANG_WARN_DEPRECATED_OBJC_IMPLEMENTATIONS = YES;
				CLANG_WARN_DIRECT_OBJC_ISA_USAGE = YES_ERROR;
				CLANG_WARN_DOCUMENTATION_COMMENTS = YES;
				CLANG_WARN_EMPTY_BODY = YES;
				CLANG_WARN_ENUM_CONVERSION = YES;
				CLANG_WARN_INFINITE_RECURSION = YES;
				CLANG_WARN_INT_CONVERSION = YES;
				CLANG_WARN_NON_LITERAL_NULL_CONVERSION = YES;
				CLANG_WARN_OBJC_IMPLICIT_RETAIN_SELF = YES;
				CLANG_WARN_OBJC_LITERAL_CONVERSION = YES;
				CLANG_WARN_OBJC_ROOT_CLASS = YES_ERROR;
				CLANG_WARN_RANGE_LOOP_ANALYSIS = YES;
				CLANG_WARN_STRICT_PROTOTYPES = YES;
				CLANG_WARN_SUSPICIOUS_MOVE = YES;
				CLANG_WARN_UNGUARDED_AVAILABILITY = YES_AGGRESSIVE;
				CLANG_WARN_UNREACHABLE_CODE = YES;
				CLANG_WARN__DUPLICATE_METHOD_MATCH = YES;
				COPY_PHASE_STRIP = NO;
				DEBUG_INFORMATION_FORMAT = dwarf;
				ENABLE_STRICT_OBJC_MSGSEND = YES;
				ENABLE_TESTABILITY = YES;
				GCC_C_LANGUAGE_STANDARD = gnu11;
				GCC_DYNAMIC_NO_PIC = NO;
				GCC_NO_COMMON_BLOCKS = YES;
				GCC_OPTIMIZATION_LEVEL = 0;
				GCC_PREPROCESSOR_DEFINITIONS = (
					"DEBUG=1",
					"$(inherited)",
				);
				GCC_WARN_64_TO_32_BIT_CONVERSION = YES;
				GCC_WARN_ABOUT_RETURN_TYPE = YES_ERROR;
				GCC_WARN_UNDECLARED_SELECTOR = YES;
				GCC_WARN_UNINITIALIZED_AUTOS = YES_AGGRESSIVE;
				GCC_WARN_UNUSED_FUNCTION = YES;
				GCC_WARN_UNUSED_VARIABLE = YES;
				IPHONEOS_DEPLOYMENT_TARGET = 13.5;
				MTL_ENABLE_DEBUG_INFO = INCLUDE_SOURCE;
				MTL_FAST_MATH = YES;
				ONLY_ACTIVE_ARCH = YES;
				SDKROOT = iphoneos;
				SWIFT_ACTIVE_COMPILATION_CONDITIONS = DEBUG;
				SWIFT_OPTIMIZATION_LEVEL = "-Onone";
			};
			name = Debug;
		};
		109A0CFB257AD3180016FCA5 /* Release */ = {
			isa = XCBuildConfiguration;
			buildSettings = {
				ALWAYS_SEARCH_USER_PATHS = NO;
				CLANG_ANALYZER_NONNULL = YES;
				CLANG_ANALYZER_NUMBER_OBJECT_CONVERSION = YES_AGGRESSIVE;
				CLANG_CXX_LANGUAGE_STANDARD = "gnu++14";
				CLANG_CXX_LIBRARY = "libc++";
				CLANG_ENABLE_MODULES = YES;
				CLANG_ENABLE_OBJC_ARC = YES;
				CLANG_ENABLE_OBJC_WEAK = YES;
				CLANG_WARN_BLOCK_CAPTURE_AUTORELEASING = YES;
				CLANG_WARN_BOOL_CONVERSION = YES;
				CLANG_WARN_COMMA = YES;
				CLANG_WARN_CONSTANT_CONVERSION = YES;
				CLANG_WARN_DEPRECATED_OBJC_IMPLEMENTATIONS = YES;
				CLANG_WARN_DIRECT_OBJC_ISA_USAGE = YES_ERROR;
				CLANG_WARN_DOCUMENTATION_COMMENTS = YES;
				CLANG_WARN_EMPTY_BODY = YES;
				CLANG_WARN_ENUM_CONVERSION = YES;
				CLANG_WARN_INFINITE_RECURSION = YES;
				CLANG_WARN_INT_CONVERSION = YES;
				CLANG_WARN_NON_LITERAL_NULL_CONVERSION = YES;
				CLANG_WARN_OBJC_IMPLICIT_RETAIN_SELF = YES;
				CLANG_WARN_OBJC_LITERAL_CONVERSION = YES;
				CLANG_WARN_OBJC_ROOT_CLASS = YES_ERROR;
				CLANG_WARN_RANGE_LOOP_ANALYSIS = YES;
				CLANG_WARN_STRICT_PROTOTYPES = YES;
				CLANG_WARN_SUSPICIOUS_MOVE = YES;
				CLANG_WARN_UNGUARDED_AVAILABILITY = YES_AGGRESSIVE;
				CLANG_WARN_UNREACHABLE_CODE = YES;
				CLANG_WARN__DUPLICATE_METHOD_MATCH = YES;
				COPY_PHASE_STRIP = NO;
				DEBUG_INFORMATION_FORMAT = "dwarf-with-dsym";
				ENABLE_NS_ASSERTIONS = NO;
				ENABLE_STRICT_OBJC_MSGSEND = YES;
				GCC_C_LANGUAGE_STANDARD = gnu11;
				GCC_NO_COMMON_BLOCKS = YES;
				GCC_WARN_64_TO_32_BIT_CONVERSION = YES;
				GCC_WARN_ABOUT_RETURN_TYPE = YES_ERROR;
				GCC_WARN_UNDECLARED_SELECTOR = YES;
				GCC_WARN_UNINITIALIZED_AUTOS = YES_AGGRESSIVE;
				GCC_WARN_UNUSED_FUNCTION = YES;
				GCC_WARN_UNUSED_VARIABLE = YES;
				IPHONEOS_DEPLOYMENT_TARGET = 13.5;
				MTL_ENABLE_DEBUG_INFO = NO;
				MTL_FAST_MATH = YES;
				SDKROOT = iphoneos;
				SWIFT_COMPILATION_MODE = wholemodule;
				SWIFT_OPTIMIZATION_LEVEL = "-O";
				VALIDATE_PRODUCT = YES;
			};
			name = Release;
		};
		109A0CFD257AD3180016FCA5 /* Debug */ = {
			isa = XCBuildConfiguration;
			buildSettings = {
				ASSETCATALOG_COMPILER_APPICON_NAME = AppIcon;
				CODE_SIGN_STYLE = Automatic;
				INFOPLIST_FILE = GitSubTreeChild/Info.plist;
				LD_RUNPATH_SEARCH_PATHS = (
					"$(inherited)",
					"@executable_path/Frameworks",
				);
				PRODUCT_BUNDLE_IDENTIFIER = com.rohit.WalletWigets.GitSubTreeChild;
				PRODUCT_NAME = "$(TARGET_NAME)";
				SWIFT_VERSION = 5.0;
				TARGETED_DEVICE_FAMILY = "1,2";
			};
			name = Debug;
		};
		109A0CFE257AD3180016FCA5 /* Release */ = {
			isa = XCBuildConfiguration;
			buildSettings = {
				ASSETCATALOG_COMPILER_APPICON_NAME = AppIcon;
				CODE_SIGN_STYLE = Automatic;
				INFOPLIST_FILE = GitSubTreeChild/Info.plist;
				LD_RUNPATH_SEARCH_PATHS = (
					"$(inherited)",
					"@executable_path/Frameworks",
				);
				PRODUCT_BUNDLE_IDENTIFIER = com.rohit.WalletWigets.GitSubTreeChild;
				PRODUCT_NAME = "$(TARGET_NAME)";
				SWIFT_VERSION = 5.0;
				TARGETED_DEVICE_FAMILY = "1,2";
			};
			name = Release;
		};
		109A0D00257AD3180016FCA5 /* Debug */ = {
			isa = XCBuildConfiguration;
			buildSettings = {
				ALWAYS_EMBED_SWIFT_STANDARD_LIBRARIES = YES;
				BUNDLE_LOADER = "$(TEST_HOST)";
				CODE_SIGN_STYLE = Automatic;
				INFOPLIST_FILE = GitSubTreeChildTests/Info.plist;
				IPHONEOS_DEPLOYMENT_TARGET = 13.5;
				LD_RUNPATH_SEARCH_PATHS = (
					"$(inherited)",
					"@executable_path/Frameworks",
					"@loader_path/Frameworks",
				);
				PRODUCT_BUNDLE_IDENTIFIER = com.rohit.WalletWigets.GitSubTreeChildTests;
				PRODUCT_NAME = "$(TARGET_NAME)";
				SWIFT_VERSION = 5.0;
				TARGETED_DEVICE_FAMILY = "1,2";
				TEST_HOST = "$(BUILT_PRODUCTS_DIR)/GitSubTreeChild.app/GitSubTreeChild";
			};
			name = Debug;
		};
		109A0D01257AD3180016FCA5 /* Release */ = {
			isa = XCBuildConfiguration;
			buildSettings = {
				ALWAYS_EMBED_SWIFT_STANDARD_LIBRARIES = YES;
				BUNDLE_LOADER = "$(TEST_HOST)";
				CODE_SIGN_STYLE = Automatic;
				INFOPLIST_FILE = GitSubTreeChildTests/Info.plist;
				IPHONEOS_DEPLOYMENT_TARGET = 13.5;
				LD_RUNPATH_SEARCH_PATHS = (
					"$(inherited)",
					"@executable_path/Frameworks",
					"@loader_path/Frameworks",
				);
				PRODUCT_BUNDLE_IDENTIFIER = com.rohit.WalletWigets.GitSubTreeChildTests;
				PRODUCT_NAME = "$(TARGET_NAME)";
				SWIFT_VERSION = 5.0;
				TARGETED_DEVICE_FAMILY = "1,2";
				TEST_HOST = "$(BUILT_PRODUCTS_DIR)/GitSubTreeChild.app/GitSubTreeChild";
			};
			name = Release;
		};
		109A0D03257AD3180016FCA5 /* Debug */ = {
			isa = XCBuildConfiguration;
			buildSettings = {
				ALWAYS_EMBED_SWIFT_STANDARD_LIBRARIES = YES;
				CODE_SIGN_STYLE = Automatic;
				INFOPLIST_FILE = GitSubTreeChildUITests/Info.plist;
				LD_RUNPATH_SEARCH_PATHS = (
					"$(inherited)",
					"@executable_path/Frameworks",
					"@loader_path/Frameworks",
				);
				PRODUCT_BUNDLE_IDENTIFIER = com.rohit.WalletWigets.GitSubTreeChildUITests;
				PRODUCT_NAME = "$(TARGET_NAME)";
				SWIFT_VERSION = 5.0;
				TARGETED_DEVICE_FAMILY = "1,2";
				TEST_TARGET_NAME = GitSubTreeChild;
			};
			name = Debug;
		};
		109A0D04257AD3180016FCA5 /* Release */ = {
			isa = XCBuildConfiguration;
			buildSettings = {
				ALWAYS_EMBED_SWIFT_STANDARD_LIBRARIES = YES;
				CODE_SIGN_STYLE = Automatic;
				INFOPLIST_FILE = GitSubTreeChildUITests/Info.plist;
				LD_RUNPATH_SEARCH_PATHS = (
					"$(inherited)",
					"@executable_path/Frameworks",
					"@loader_path/Frameworks",
				);
				PRODUCT_BUNDLE_IDENTIFIER = com.rohit.WalletWigets.GitSubTreeChildUITests;
				PRODUCT_NAME = "$(TARGET_NAME)";
				SWIFT_VERSION = 5.0;
				TARGETED_DEVICE_FAMILY = "1,2";
				TEST_TARGET_NAME = GitSubTreeChild;
			};
			name = Release;
		};
/* End XCBuildConfiguration section */

/* Begin XCConfigurationList section */
		109A0CCD257AD3170016FCA5 /* Build configuration list for PBXProject "GitSubTreeChild" */ = {
			isa = XCConfigurationList;
			buildConfigurations = (
				109A0CFA257AD3180016FCA5 /* Debug */,
				109A0CFB257AD3180016FCA5 /* Release */,
			);
			defaultConfigurationIsVisible = 0;
			defaultConfigurationName = Release;
		};
		109A0CFC257AD3180016FCA5 /* Build configuration list for PBXNativeTarget "GitSubTreeChild" */ = {
			isa = XCConfigurationList;
			buildConfigurations = (
				109A0CFD257AD3180016FCA5 /* Debug */,
				109A0CFE257AD3180016FCA5 /* Release */,
			);
			defaultConfigurationIsVisible = 0;
			defaultConfigurationName = Release;
		};
		109A0CFF257AD3180016FCA5 /* Build configuration list for PBXNativeTarget "GitSubTreeChildTests" */ = {
			isa = XCConfigurationList;
			buildConfigurations = (
				109A0D00257AD3180016FCA5 /* Debug */,
				109A0D01257AD3180016FCA5 /* Release */,
			);
			defaultConfigurationIsVisible = 0;
			defaultConfigurationName = Release;
		};
		109A0D02257AD3180016FCA5 /* Build configuration list for PBXNativeTarget "GitSubTreeChildUITests" */ = {
			isa = XCConfigurationList;
			buildConfigurations = (
				109A0D03257AD3180016FCA5 /* Debug */,
				109A0D04257AD3180016FCA5 /* Release */,
			);
			defaultConfigurationIsVisible = 0;
			defaultConfigurationName = Release;
		};
/* End XCConfigurationList section */
	};
	rootObject = 109A0CCA257AD3170016FCA5 /* Project object */;
}
